
Microsoft Visual Studio Solution File, Format Version 12.00
# Visual Studio Version 17
VisualStudioVersion = 17.3.32825.248
MinimumVisualStudioVersion = 10.0.40219.1
Project("{FAE04EC0-301F-11D3-BF4B-00C04F79EFBC}") = "eStoreAPI", "eStoreAPI\eStoreAPI.csproj", "{AFEE3555-B702-4EE9-97F9-1A03A359287F}"
EndProject
Project("{FAE04EC0-301F-11D3-BF4B-00C04F79EFBC}") = "BusinessObject", "BusinessObject\BusinessObject.csproj", "{A4DDAFB5-517A-4F19-908E-11EA912CAEA2}"
EndProject
Project("{FAE04EC0-301F-11D3-BF4B-00C04F79EFBC}") = "DataAccess", "DataAccess\DataAccess.csproj", "{662CCD59-02B7-4C2C-993B-4E5732ACB51A}"
EndProject
Project("{FAE04EC0-301F-11D3-BF4B-00C04F79EFBC}") = "eStoreClient", "eStoreClient\eStoreClient.csproj", "{EED2FCB0-3028-4B11-9496-173969673B7F}"
EndProject
Global
	GlobalSection(SolutionConfigurationPlatforms) = preSolution
		Debug|Any CPU = Debug|Any CPU
		Release|Any CPU = Release|Any CPU
	EndGlobalSection
	GlobalSection(ProjectConfigurationPlatforms) = postSolution
		{AFEE3555-B702-4EE9-97F9-1A03A359287F}.Debug|Any CPU.ActiveCfg = Debug|Any CPU
		{AFEE3555-B702-4EE9-97F9-1A03A359287F}.Debug|Any CPU.Build.0 = Debug|Any CPU
		{AFEE3555-B702-4EE9-97F9-1A03A359287F}.Release|Any CPU.ActiveCfg = Release|Any CPU
		{AFEE3555-B702-4EE9-97F9-1A03A359287F}.Release|Any CPU.Build.0 = Release|Any CPU
		{A4DDAFB5-517A-4F19-908E-11EA912CAEA2}.Debug|Any CPU.ActiveCfg = Debug|Any CPU
		{A4DDAFB5-517A-4F19-908E-11EA912CAEA2}.Debug|Any CPU.Build.0 = Debug|Any CPU
		{A4DDAFB5-517A-4F19-908E-11EA912CAEA2}.Release|Any CPU.ActiveCfg = Release|Any CPU
		{A4DDAFB5-517A-4F19-908E-11EA912CAEA2}.Release|Any CPU.Build.0 = Release|Any CPU
		{662CCD59-02B7-4C2C-993B-4E5732ACB51A}.Debug|Any CPU.ActiveCfg = Debug|Any CPU
		{662CCD59-02B7-4C2C-993B-4E5732ACB51A}.Debug|Any CPU.Build.0 = Debug|Any CPU
		{662CCD59-02B7-4C2C-993B-4E5732ACB51A}.Release|Any CPU.ActiveCfg = Release|Any CPU
		{662CCD59-02B7-4C2C-993B-4E5732ACB51A}.Release|Any CPU.Build.0 = Release|Any CPU
		{EED2FCB0-3028-4B11-9496-173969673B7F}.Debug|Any CPU.ActiveCfg = Debug|Any CPU
		{EED2FCB0-3028-4B11-9496-173969673B7F}.Debug|Any CPU.Build.0 = Debug|Any CPU
		{EED2FCB0-3028-4B11-9496-173969673B7F}.Release|Any CPU.ActiveCfg = Release|Any CPU
		{EED2FCB0-3028-4B11-9496-173969673B7F}.Release|Any CPU.Build.0 = Release|Any CPU
	EndGlobalSection
	GlobalSection(SolutionProperties) = preSolution
		HideSolutionNode = FALSE
	EndGlobalSection
	GlobalSection(ExtensibilityGlobals) = postSolution
		SolutionGuid = {48159D68-25BF-47D7-AAE7-FDBF93F8300D}
	EndGlobalSection
EndGlobal
